
Microsoft Visual Studio Solution File, Format Version 12.00
# Visual Studio 14
VisualStudioVersion = 14.0.24720.0
MinimumVisualStudioVersion = 10.0.40219.1
Project("{FAE04EC0-301F-11D3-BF4B-00C04F79EFBC}") = "Demo.SqlConnections.WinForm", "Demo.SqlConnections.WinForm\Demo.SqlConnections.WinForm.csproj", "{00CF8C9E-9884-4DAE-880D-57ADD32A084E}"
EndProject
Project("{2150E333-8FDC-42A3-9474-1A3956D46DE8}") = "Solution Items", "Solution Items", "{6700B3DC-183D-4AAA-83A4-A223A514D514}"
	ProjectSection(SolutionItems) = preProject
		query-adonet-counters-periodically.ps1 = query-adonet-counters-periodically.ps1
	EndProjectSection
EndProject
Global
	GlobalSection(SolutionConfigurationPlatforms) = preSolution
		Debug|Any CPU = Debug|Any CPU
		Release|Any CPU = Release|Any CPU
	EndGlobalSection
	GlobalSection(ProjectConfigurationPlatforms) = postSolution
		{00CF8C9E-9884-4DAE-880D-57ADD32A084E}.Debug|Any CPU.ActiveCfg = Debug|Any CPU
		{00CF8C9E-9884-4DAE-880D-57ADD32A084E}.Debug|Any CPU.Build.0 = Debug|Any CPU
		{00CF8C9E-9884-4DAE-880D-57ADD32A084E}.Release|Any CPU.ActiveCfg = Release|Any CPU
		{00CF8C9E-9884-4DAE-880D-57ADD32A084E}.Release|Any CPU.Build.0 = Release|Any CPU
	EndGlobalSection
	GlobalSection(SolutionProperties) = preSolution
		HideSolutionNode = FALSE
	EndGlobalSection
EndGlobal
